
Microsoft Visual Studio Solution File, Format Version 12.00
Project("{FAE04EC0-301F-11D3-BF4B-00C04F79EFBC}") = "GeoscientistToolkit", "GeoscientistToolkit.csproj", "{ED9B1460-D027-4455-A901-A04805158467}"
EndProject
Project("{FAE04EC0-301F-11D3-BF4B-00C04F79EFBC}") = "AddInExtractor", "AddInExtractor\AddInExtractor.csproj", "{FEB03016-39FC-48A5-BF91-926380868C8B}"
EndProject
Global
	GlobalSection(SolutionConfigurationPlatforms) = preSolution
		Debug|Any CPU = Debug|Any CPU
		Release|Any CPU = Release|Any CPU
	EndGlobalSection
	GlobalSection(ProjectConfigurationPlatforms) = postSolution
		{ED9B1460-D027-4455-A901-A04805158467}.Debug|Any CPU.ActiveCfg = Debug|Any CPU
		{ED9B1460-D027-4455-A901-A04805158467}.Debug|Any CPU.Build.0 = Debug|Any CPU
		{ED9B1460-D027-4455-A901-A04805158467}.Release|Any CPU.ActiveCfg = Release|Any CPU
		{ED9B1460-D027-4455-A901-A04805158467}.Release|Any CPU.Build.0 = Release|Any CPU
		{FEB03016-39FC-48A5-BF91-926380868C8B}.Debug|Any CPU.ActiveCfg = Debug|Any CPU
		{FEB03016-39FC-48A5-BF91-926380868C8B}.Debug|Any CPU.Build.0 = Debug|Any CPU
		{FEB03016-39FC-48A5-BF91-926380868C8B}.Release|Any CPU.ActiveCfg = Release|Any CPU
		{FEB03016-39FC-48A5-BF91-926380868C8B}.Release|Any CPU.Build.0 = Release|Any CPU
	EndGlobalSection
EndGlobal
